
Microsoft Visual Studio Solution File, Format Version 12.00
Project("{FAE04EC0-301F-11D3-BF4B-00C04F79EFBC}") = "W3ChampionsStatisticService", "W3ChampionsStatisticService\W3ChampionsStatisticService.csproj", "{7D9D3DC6-13DB-4B6E-974A-89050D12D2EB}"
EndProject
Project("{2150E333-8FDC-42A3-9474-1A3956D46DE8}") = "SolutionItems", "SolutionItems", "{AD706C47-31D2-4B0F-B459-BFF80BF0A5A1}"
ProjectSection(SolutionItems) = preProject
	azure-pipelines.yml = azure-pipelines.yml
EndProjectSection
EndProject
Global
	GlobalSection(SolutionConfigurationPlatforms) = preSolution
		Debug|Any CPU = Debug|Any CPU
		Release|Any CPU = Release|Any CPU
	EndGlobalSection
	GlobalSection(ProjectConfigurationPlatforms) = postSolution
		{7D9D3DC6-13DB-4B6E-974A-89050D12D2EB}.Debug|Any CPU.ActiveCfg = Debug|Any CPU
		{7D9D3DC6-13DB-4B6E-974A-89050D12D2EB}.Debug|Any CPU.Build.0 = Debug|Any CPU
		{7D9D3DC6-13DB-4B6E-974A-89050D12D2EB}.Release|Any CPU.ActiveCfg = Release|Any CPU
		{7D9D3DC6-13DB-4B6E-974A-89050D12D2EB}.Release|Any CPU.Build.0 = Release|Any CPU
	EndGlobalSection
EndGlobal
